
Microsoft Visual Studio Solution File, Format Version 12.00
Project("{2150E333-8FDC-42A3-9474-1A3956D46DE8}") = "Services", "Services", "{545D767C-118C-498E-A66F-5766F3AC4774}"
EndProject
Project("{2150E333-8FDC-42A3-9474-1A3956D46DE8}") = "Catalog", "Catalog", "{0ABBE9E3-39B5-466D-912C-D94A7A0AB256}"
EndProject
Project("{FAE04EC0-301F-11D3-BF4B-00C04F79EFBC}") = "Catalog.Api", "Services\Catalog\Catalog.Api\Catalog.Api.csproj", "{044A6791-42B7-4CBE-9F97-F54FC4FB5212}"
EndProject
Project("{2150E333-8FDC-42A3-9474-1A3956D46DE8}") = "BuildingBlocks", "BuildingBlocks", "{28B35A2B-CC08-4F2D-A52C-C46F78B487E0}"
EndProject
Project("{FAE04EC0-301F-11D3-BF4B-00C04F79EFBC}") = "BuildingBlocks", "BuildingBlocks\BuildingBlocks\BuildingBlocks.csproj", "{9270F678-508A-41C9-9524-EBB6B9063F32}"
EndProject
Project("{2150E333-8FDC-42A3-9474-1A3956D46DE8}") = "Solution Items", "Solution Items", "{B7E344F7-3717-4B30-AE1B-4E5426D4246E}"
	ProjectSection(SolutionItems) = preProject
		compose.yaml = compose.yaml
		compose.override.yaml = compose.override.yaml
	EndProjectSection
EndProject
Project("{2150E333-8FDC-42A3-9474-1A3956D46DE8}") = "Basket", "Basket", "{815D8E9A-3B7E-4C07-BFE0-982B5CEB57BC}"
EndProject
Project("{FAE04EC0-301F-11D3-BF4B-00C04F79EFBC}") = "Basket.Api", "Services\Basket\Basket.Api\Basket.Api.csproj", "{E5450CC8-BF7E-404D-ABC5-C5E68DA9C1D4}"
EndProject
Project("{2150E333-8FDC-42A3-9474-1A3956D46DE8}") = "Discount", "Discount", "{191B657E-8AB6-4C65-9811-1E813BBB5EF7}"
EndProject
Project("{FAE04EC0-301F-11D3-BF4B-00C04F79EFBC}") = "Discount.Grpc", "Services\Discount\Discount.Grpc\Discount.Grpc.csproj", "{0552C633-27C7-423C-97F0-F63F41AAF196}"
EndProject
Project("{2150E333-8FDC-42A3-9474-1A3956D46DE8}") = "Ordering", "Ordering", "{A5623051-4753-4FF8-B07F-190016D6F044}"
EndProject
Project("{FAE04EC0-301F-11D3-BF4B-00C04F79EFBC}") = "Ordering.Api", "Services\Ordering\Ordering.Api\Ordering.Api.csproj", "{33C5D125-9E63-4F9D-8C35-EF275117229A}"
EndProject
Project("{FAE04EC0-301F-11D3-BF4B-00C04F79EFBC}") = "Ordering.Domain", "Services\Ordering\Ordering.Domain\Ordering.Domain.csproj", "{DDE6F793-0D7D-49A3-8565-96C27C1B0480}"
EndProject
Project("{FAE04EC0-301F-11D3-BF4B-00C04F79EFBC}") = "Ordering.Application", "Services\Ordering\Ordering.Application\Ordering.Application.csproj", "{1D145DF4-41E8-4AE2-A8FF-B6E5F227D236}"
EndProject
Project("{FAE04EC0-301F-11D3-BF4B-00C04F79EFBC}") = "Ordering.Infrastructure", "Services\Ordering\Ordering.Infrastructure\Ordering.Infrastructure.csproj", "{F505BCEA-CD16-417F-920C-813D46B672F2}"
EndProject
Global
	GlobalSection(SolutionConfigurationPlatforms) = preSolution
		Debug|Any CPU = Debug|Any CPU
		Release|Any CPU = Release|Any CPU
	EndGlobalSection
	GlobalSection(NestedProjects) = preSolution
		{0ABBE9E3-39B5-466D-912C-D94A7A0AB256} = {545D767C-118C-498E-A66F-5766F3AC4774}
		{044A6791-42B7-4CBE-9F97-F54FC4FB5212} = {0ABBE9E3-39B5-466D-912C-D94A7A0AB256}
		{9270F678-508A-41C9-9524-EBB6B9063F32} = {28B35A2B-CC08-4F2D-A52C-C46F78B487E0}
		{815D8E9A-3B7E-4C07-BFE0-982B5CEB57BC} = {545D767C-118C-498E-A66F-5766F3AC4774}
		{E5450CC8-BF7E-404D-ABC5-C5E68DA9C1D4} = {815D8E9A-3B7E-4C07-BFE0-982B5CEB57BC}
		{191B657E-8AB6-4C65-9811-1E813BBB5EF7} = {545D767C-118C-498E-A66F-5766F3AC4774}
		{0552C633-27C7-423C-97F0-F63F41AAF196} = {191B657E-8AB6-4C65-9811-1E813BBB5EF7}
		{A5623051-4753-4FF8-B07F-190016D6F044} = {545D767C-118C-498E-A66F-5766F3AC4774}
		{33C5D125-9E63-4F9D-8C35-EF275117229A} = {A5623051-4753-4FF8-B07F-190016D6F044}
		{DDE6F793-0D7D-49A3-8565-96C27C1B0480} = {A5623051-4753-4FF8-B07F-190016D6F044}
		{1D145DF4-41E8-4AE2-A8FF-B6E5F227D236} = {A5623051-4753-4FF8-B07F-190016D6F044}
		{F505BCEA-CD16-417F-920C-813D46B672F2} = {A5623051-4753-4FF8-B07F-190016D6F044}
	EndGlobalSection
	GlobalSection(ProjectConfigurationPlatforms) = postSolution
		{044A6791-42B7-4CBE-9F97-F54FC4FB5212}.Debug|Any CPU.ActiveCfg = Debug|Any CPU
		{044A6791-42B7-4CBE-9F97-F54FC4FB5212}.Debug|Any CPU.Build.0 = Debug|Any CPU
		{044A6791-42B7-4CBE-9F97-F54FC4FB5212}.Release|Any CPU.ActiveCfg = Release|Any CPU
		{044A6791-42B7-4CBE-9F97-F54FC4FB5212}.Release|Any CPU.Build.0 = Release|Any CPU
		{9270F678-508A-41C9-9524-EBB6B9063F32}.Debug|Any CPU.ActiveCfg = Debug|Any CPU
		{9270F678-508A-41C9-9524-EBB6B9063F32}.Debug|Any CPU.Build.0 = Debug|Any CPU
		{9270F678-508A-41C9-9524-EBB6B9063F32}.Release|Any CPU.ActiveCfg = Release|Any CPU
		{9270F678-508A-41C9-9524-EBB6B9063F32}.Release|Any CPU.Build.0 = Release|Any CPU
		{E5450CC8-BF7E-404D-ABC5-C5E68DA9C1D4}.Debug|Any CPU.ActiveCfg = Debug|Any CPU
		{E5450CC8-BF7E-404D-ABC5-C5E68DA9C1D4}.Debug|Any CPU.Build.0 = Debug|Any CPU
		{E5450CC8-BF7E-404D-ABC5-C5E68DA9C1D4}.Release|Any CPU.ActiveCfg = Release|Any CPU
		{E5450CC8-BF7E-404D-ABC5-C5E68DA9C1D4}.Release|Any CPU.Build.0 = Release|Any CPU
		{0552C633-27C7-423C-97F0-F63F41AAF196}.Debug|Any CPU.ActiveCfg = Debug|Any CPU
		{0552C633-27C7-423C-97F0-F63F41AAF196}.Debug|Any CPU.Build.0 = Debug|Any CPU
		{0552C633-27C7-423C-97F0-F63F41AAF196}.Release|Any CPU.ActiveCfg = Release|Any CPU
		{0552C633-27C7-423C-97F0-F63F41AAF196}.Release|Any CPU.Build.0 = Release|Any CPU
		{33C5D125-9E63-4F9D-8C35-EF275117229A}.Debug|Any CPU.ActiveCfg = Debug|Any CPU
		{33C5D125-9E63-4F9D-8C35-EF275117229A}.Debug|Any CPU.Build.0 = Debug|Any CPU
		{33C5D125-9E63-4F9D-8C35-EF275117229A}.Release|Any CPU.ActiveCfg = Release|Any CPU
		{33C5D125-9E63-4F9D-8C35-EF275117229A}.Release|Any CPU.Build.0 = Release|Any CPU
		{DDE6F793-0D7D-49A3-8565-96C27C1B0480}.Debug|Any CPU.ActiveCfg = Debug|Any CPU
		{DDE6F793-0D7D-49A3-8565-96C27C1B0480}.Debug|Any CPU.Build.0 = Debug|Any CPU
		{DDE6F793-0D7D-49A3-8565-96C27C1B0480}.Release|Any CPU.ActiveCfg = Release|Any CPU
		{DDE6F793-0D7D-49A3-8565-96C27C1B0480}.Release|Any CPU.Build.0 = Release|Any CPU
		{1D145DF4-41E8-4AE2-A8FF-B6E5F227D236}.Debug|Any CPU.ActiveCfg = Debug|Any CPU
		{1D145DF4-41E8-4AE2-A8FF-B6E5F227D236}.Debug|Any CPU.Build.0 = Debug|Any CPU
		{1D145DF4-41E8-4AE2-A8FF-B6E5F227D236}.Release|Any CPU.ActiveCfg = Release|Any CPU
		{1D145DF4-41E8-4AE2-A8FF-B6E5F227D236}.Release|Any CPU.Build.0 = Release|Any CPU
		{F505BCEA-CD16-417F-920C-813D46B672F2}.Debug|Any CPU.ActiveCfg = Debug|Any CPU
		{F505BCEA-CD16-417F-920C-813D46B672F2}.Debug|Any CPU.Build.0 = Debug|Any CPU
		{F505BCEA-CD16-417F-920C-813D46B672F2}.Release|Any CPU.ActiveCfg = Release|Any CPU
		{F505BCEA-CD16-417F-920C-813D46B672F2}.Release|Any CPU.Build.0 = Release|Any CPU
	EndGlobalSection
EndGlobal
